// !$*UTF8*$!
{
	archiveVersion = 1;
	classes = {
	};
	objectVersion = 56;
	objects = {

/* Begin PBXBuildFile section */
		07370E3C2C59787F0003243F /* fetchMealAppApp.swift in Sources */ = {isa = PBXBuildFile; fileRef = 07370E3B2C59787F0003243F /* fetchMealAppApp.swift */; };
		07370E3E2C59787F0003243F /* MealListView.swift in Sources */ = {isa = PBXBuildFile; fileRef = 07370E3D2C59787F0003243F /* MealListView.swift */; };
		07370E402C5978820003243F /* Assets.xcassets in Resources */ = {isa = PBXBuildFile; fileRef = 07370E3F2C5978820003243F /* Assets.xcassets */; };
		07370E432C5978820003243F /* Preview Assets.xcassets in Resources */ = {isa = PBXBuildFile; fileRef = 07370E422C5978820003243F /* Preview Assets.xcassets */; };
		07370E4D2C5984E20003243F /* MealListViewModel.swift in Sources */ = {isa = PBXBuildFile; fileRef = 07370E4C2C5984E20003243F /* MealListViewModel.swift */; };
		07370E4F2C59850A0003243F /* Meal.swift in Sources */ = {isa = PBXBuildFile; fileRef = 07370E4E2C59850A0003243F /* Meal.swift */; };
		07370E532C5986E30003243F /* MealDetailsView.swift in Sources */ = {isa = PBXBuildFile; fileRef = 07370E522C5986E30003243F /* MealDetailsView.swift */; };
		07370E552C59954B0003243F /* MealDetailsViewModel.swift in Sources */ = {isa = PBXBuildFile; fileRef = 07370E542C59954B0003243F /* MealDetailsViewModel.swift */; };
		07370E582C59A7B50003243F /* API.swift in Sources */ = {isa = PBXBuildFile; fileRef = 07370E572C59A7B50003243F /* API.swift */; };
		07370E5C2C59C5CD0003243F /* MealType.swift in Sources */ = {isa = PBXBuildFile; fileRef = 07370E5B2C59C5CD0003243F /* MealType.swift */; };
		07370E5E2C59D1DF0003243F /* MealDetails.swift in Sources */ = {isa = PBXBuildFile; fileRef = 07370E5D2C59D1DF0003243F /* MealDetails.swift */; };
		07370E602C59D22A0003243F /* Ingredient.swift in Sources */ = {isa = PBXBuildFile; fileRef = 07370E5F2C59D22A0003243F /* Ingredient.swift */; };
		07370E622C59DE650003243F /* MealData.swift in Sources */ = {isa = PBXBuildFile; fileRef = 07370E612C59DE650003243F /* MealData.swift */; };
		07370E682C5AE1120003243F /* MealDetailsData.swift in Sources */ = {isa = PBXBuildFile; fileRef = 07370E672C5AE1120003243F /* MealDetailsData.swift */; };
		07370E6C2C5D8ACB0003243F /* LoadingState.swift in Sources */ = {isa = PBXBuildFile; fileRef = 07370E6B2C5D8ACB0003243F /* LoadingState.swift */; };
/* End PBXBuildFile section */

/* Begin PBXFileReference section */
		07370E382C59787F0003243F /* fetchMealApp.app */ = {isa = PBXFileReference; explicitFileType = wrapper.application; includeInIndex = 0; path = fetchMealApp.app; sourceTree = BUILT_PRODUCTS_DIR; };
		07370E3B2C59787F0003243F /* fetchMealAppApp.swift */ = {isa = PBXFileReference; lastKnownFileType = sourcecode.swift; path = fetchMealAppApp.swift; sourceTree = "<group>"; };
		07370E3D2C59787F0003243F /* MealListView.swift */ = {isa = PBXFileReference; lastKnownFileType = sourcecode.swift; path = MealListView.swift; sourceTree = "<group>"; };
		07370E3F2C5978820003243F /* Assets.xcassets */ = {isa = PBXFileReference; lastKnownFileType = folder.assetcatalog; path = Assets.xcassets; sourceTree = "<group>"; };
		07370E422C5978820003243F /* Preview Assets.xcassets */ = {isa = PBXFileReference; lastKnownFileType = folder.assetcatalog; path = "Preview Assets.xcassets"; sourceTree = "<group>"; };
		07370E4C2C5984E20003243F /* MealListViewModel.swift */ = {isa = PBXFileReference; lastKnownFileType = sourcecode.swift; path = MealListViewModel.swift; sourceTree = "<group>"; };
		07370E4E2C59850A0003243F /* Meal.swift */ = {isa = PBXFileReference; lastKnownFileType = sourcecode.swift; path = Meal.swift; sourceTree = "<group>"; };
		07370E522C5986E30003243F /* MealDetailsView.swift */ = {isa = PBXFileReference; lastKnownFileType = sourcecode.swift; path = MealDetailsView.swift; sourceTree = "<group>"; };
		07370E542C59954B0003243F /* MealDetailsViewModel.swift */ = {isa = PBXFileReference; lastKnownFileType = sourcecode.swift; path = MealDetailsViewModel.swift; sourceTree = "<group>"; };
		07370E572C59A7B50003243F /* API.swift */ = {isa = PBXFileReference; lastKnownFileType = sourcecode.swift; path = API.swift; sourceTree = "<group>"; };
		07370E5B2C59C5CD0003243F /* MealType.swift */ = {isa = PBXFileReference; lastKnownFileType = sourcecode.swift; path = MealType.swift; sourceTree = "<group>"; };
		07370E5D2C59D1DF0003243F /* MealDetails.swift */ = {isa = PBXFileReference; lastKnownFileType = sourcecode.swift; path = MealDetails.swift; sourceTree = "<group>"; };
		07370E5F2C59D22A0003243F /* Ingredient.swift */ = {isa = PBXFileReference; lastKnownFileType = sourcecode.swift; path = Ingredient.swift; sourceTree = "<group>"; };
		07370E612C59DE650003243F /* MealData.swift */ = {isa = PBXFileReference; lastKnownFileType = sourcecode.swift; path = MealData.swift; sourceTree = "<group>"; };
		07370E672C5AE1120003243F /* MealDetailsData.swift */ = {isa = PBXFileReference; lastKnownFileType = sourcecode.swift; path = MealDetailsData.swift; sourceTree = "<group>"; };
		07370E6B2C5D8ACB0003243F /* LoadingState.swift */ = {isa = PBXFileReference; lastKnownFileType = sourcecode.swift; path = LoadingState.swift; sourceTree = "<group>"; };
		07370E702C5DB0570003243F /* README.md */ = {isa = PBXFileReference; lastKnownFileType = net.daringfireball.markdown; path = README.md; sourceTree = "<group>"; };
/* End PBXFileReference section */

/* Begin PBXFrameworksBuildPhase section */
		07370E352C59787F0003243F /* Frameworks */ = {
			isa = PBXFrameworksBuildPhase;
			buildActionMask = 2147483647;
			files = (
			);
			runOnlyForDeploymentPostprocessing = 0;
		};
/* End PBXFrameworksBuildPhase section */

/* Begin PBXGroup section */
		07370E2F2C59787F0003243F = {
			isa = PBXGroup;
			children = (
				07370E3A2C59787F0003243F /* fetchMealApp */,
				07370E392C59787F0003243F /* Products */,
			);
			sourceTree = "<group>";
		};
		07370E392C59787F0003243F /* Products */ = {
			isa = PBXGroup;
			children = (
				07370E382C59787F0003243F /* fetchMealApp.app */,
			);
			name = Products;
			sourceTree = "<group>";
		};
		07370E3A2C59787F0003243F /* fetchMealApp */ = {
			isa = PBXGroup;
			children = (
				07370E562C59A7A70003243F /* Support */,
				07370E4B2C5984C30003243F /* Models */,
				07370E4A2C5984B80003243F /* ViewModels */,
				07370E492C5983F70003243F /* Views */,
				07370E3B2C59787F0003243F /* fetchMealAppApp.swift */,
				07370E3F2C5978820003243F /* Assets.xcassets */,
				07370E412C5978820003243F /* Preview Content */,
				07370E702C5DB0570003243F /* README.md */,
			);
			path = fetchMealApp;
			sourceTree = "<group>";
		};
		07370E412C5978820003243F /* Preview Content */ = {
			isa = PBXGroup;
			children = (
				07370E422C5978820003243F /* Preview Assets.xcassets */,
			);
			path = "Preview Content";
			sourceTree = "<group>";
		};
		07370E492C5983F70003243F /* Views */ = {
			isa = PBXGroup;
			children = (
				07370E3D2C59787F0003243F /* MealListView.swift */,
				07370E522C5986E30003243F /* MealDetailsView.swift */,
			);
			path = Views;
			sourceTree = "<group>";
		};
		07370E4A2C5984B80003243F /* ViewModels */ = {
			isa = PBXGroup;
			children = (
				07370E4C2C5984E20003243F /* MealListViewModel.swift */,
				07370E542C59954B0003243F /* MealDetailsViewModel.swift */,
			);
			path = ViewModels;
			sourceTree = "<group>";
		};
		07370E4B2C5984C30003243F /* Models */ = {
			isa = PBXGroup;
			children = (
				07370E6E2C5DAA3E0003243F /* Meal */,
				07370E6D2C5DAA330003243F /* MetalDetails */,
				07370E5B2C59C5CD0003243F /* MealType.swift */,
				07370E5F2C59D22A0003243F /* Ingredient.swift */,
			);
			path = Models;
			sourceTree = "<group>";
		};
		07370E562C59A7A70003243F /* Support */ = {
			isa = PBXGroup;
			children = (
				07370E572C59A7B50003243F /* API.swift */,
				07370E6B2C5D8ACB0003243F /* LoadingState.swift */,
			);
			path = Support;
			sourceTree = "<group>";
		};
		07370E6D2C5DAA330003243F /* MetalDetails */ = {
			isa = PBXGroup;
			children = (
				07370E5D2C59D1DF0003243F /* MealDetails.swift */,
				07370E672C5AE1120003243F /* MealDetailsData.swift */,
			);
			path = MetalDetails;
			sourceTree = "<group>";
		};
		07370E6E2C5DAA3E0003243F /* Meal */ = {
			isa = PBXGroup;
			children = (
				07370E4E2C59850A0003243F /* Meal.swift */,
				07370E612C59DE650003243F /* MealData.swift */,
			);
			path = Meal;
			sourceTree = "<group>";
		};
/* End PBXGroup section */

/* Begin PBXNativeTarget section */
		07370E372C59787F0003243F /* fetchMealApp */ = {
			isa = PBXNativeTarget;
			buildConfigurationList = 07370E462C5978820003243F /* Build configuration list for PBXNativeTarget "fetchMealApp" */;
			buildPhases = (
				07370E342C59787F0003243F /* Sources */,
				07370E352C59787F0003243F /* Frameworks */,
				07370E362C59787F0003243F /* Resources */,
			);
			buildRules = (
			);
			dependencies = (
			);
			name = fetchMealApp;
			productName = fetchMealApp;
			productReference = 07370E382C59787F0003243F /* fetchMealApp.app */;
			productType = "com.apple.product-type.application";
		};
/* End PBXNativeTarget section */

/* Begin PBXProject section */
		07370E302C59787F0003243F /* Project object */ = {
			isa = PBXProject;
			attributes = {
				BuildIndependentTargetsInParallel = 1;
				LastSwiftUpdateCheck = 1540;
				LastUpgradeCheck = 1540;
				TargetAttributes = {
					07370E372C59787F0003243F = {
						CreatedOnToolsVersion = 15.4;
					};
				};
			};
			buildConfigurationList = 07370E332C59787F0003243F /* Build configuration list for PBXProject "fetchMealApp" */;
			compatibilityVersion = "Xcode 14.0";
			developmentRegion = en;
			hasScannedForEncodings = 0;
			knownRegions = (
				en,
				Base,
			);
			mainGroup = 07370E2F2C59787F0003243F;
			productRefGroup = 07370E392C59787F0003243F /* Products */;
			projectDirPath = "";
			projectRoot = "";
			targets = (
				07370E372C59787F0003243F /* fetchMealApp */,
			);
		};
/* End PBXProject section */

/* Begin PBXResourcesBuildPhase section */
		07370E362C59787F0003243F /* Resources */ = {
			isa = PBXResourcesBuildPhase;
			buildActionMask = 2147483647;
			files = (
				07370E432C5978820003243F /* Preview Assets.xcassets in Resources */,
				07370E402C5978820003243F /* Assets.xcassets in Resources */,
			);
			runOnlyForDeploymentPostprocessing = 0;
		};
/* End PBXResourcesBuildPhase section */

/* Begin PBXSourcesBuildPhase section */
		07370E342C59787F0003243F /* Sources */ = {
			isa = PBXSourcesBuildPhase;
			buildActionMask = 2147483647;
			files = (
				07370E682C5AE1120003243F /* MealDetailsData.swift in Sources */,
				07370E3E2C59787F0003243F /* MealListView.swift in Sources */,
				07370E5C2C59C5CD0003243F /* MealType.swift in Sources */,
				07370E5E2C59D1DF0003243F /* MealDetails.swift in Sources */,
				07370E552C59954B0003243F /* MealDetailsViewModel.swift in Sources */,
				07370E6C2C5D8ACB0003243F /* LoadingState.swift in Sources */,
				07370E3C2C59787F0003243F /* fetchMealAppApp.swift in Sources */,
				07370E532C5986E30003243F /* MealDetailsView.swift in Sources */,
				07370E622C59DE650003243F /* MealData.swift in Sources */,
				07370E4D2C5984E20003243F /* MealListViewModel.swift in Sources */,
				07370E4F2C59850A0003243F /* Meal.swift in Sources */,
				07370E582C59A7B50003243F /* API.swift in Sources */,
				07370E602C59D22A0003243F /* Ingredient.swift in Sources */,
			);
			runOnlyForDeploymentPostprocessing = 0;
		};
/* End PBXSourcesBuildPhase section */

/* Begin XCBuildConfiguration section */
		07370E442C5978820003243F /* Debug */ = {
			isa = XCBuildConfiguration;
			buildSettings = {
				ALWAYS_SEARCH_USER_PATHS = NO;
				ASSETCATALOG_COMPILER_GENERATE_SWIFT_ASSET_SYMBOL_EXTENSIONS = YES;
				CLANG_ANALYZER_NONNULL = YES;
				CLANG_ANALYZER_NUMBER_OBJECT_CONVERSION = YES_AGGRESSIVE;
				CLANG_CXX_LANGUAGE_STANDARD = "gnu++20";
				CLANG_ENABLE_MODULES = YES;
				CLANG_ENABLE_OBJC_ARC = YES;
				CLANG_ENABLE_OBJC_WEAK = YES;
				CLANG_WARN_BLOCK_CAPTURE_AUTORELEASING = YES;
				CLANG_WARN_BOOL_CONVERSION = YES;
				CLANG_WARN_COMMA = YES;
				CLANG_WARN_CONSTANT_CONVERSION = YES;
				CLANG_WARN_DEPRECATED_OBJC_IMPLEMENTATIONS = YES;
				CLANG_WARN_DIRECT_OBJC_ISA_USAGE = YES_ERROR;
				CLANG_WARN_DOCUMENTATION_COMMENTS = YES;
				CLANG_WARN_EMPTY_BODY = YES;
				CLANG_WARN_ENUM_CONVERSION = YES;
				CLANG_WARN_INFINITE_RECURSION = YES;
				CLANG_WARN_INT_CONVERSION = YES;
				CLANG_WARN_NON_LITERAL_NULL_CONVERSION = YES;
				CLANG_WARN_OBJC_IMPLICIT_RETAIN_SELF = YES;
				CLANG_WARN_OBJC_LITERAL_CONVERSION = YES;
				CLANG_WARN_OBJC_ROOT_CLASS = YES_ERROR;
				CLANG_WARN_QUOTED_INCLUDE_IN_FRAMEWORK_HEADER = YES;
				CLANG_WARN_RANGE_LOOP_ANALYSIS = YES;
				CLANG_WARN_STRICT_PROTOTYPES = YES;
				CLANG_WARN_SUSPICIOUS_MOVE = YES;
				CLANG_WARN_UNGUARDED_AVAILABILITY = YES_AGGRESSIVE;
				CLANG_WARN_UNREACHABLE_CODE = YES;
				CLANG_WARN__DUPLICATE_METHOD_MATCH = YES;
				COPY_PHASE_STRIP = NO;
				DEBUG_INFORMATION_FORMAT = dwarf;
				ENABLE_STRICT_OBJC_MSGSEND = YES;
				ENABLE_TESTABILITY = YES;
				ENABLE_USER_SCRIPT_SANDBOXING = YES;
				GCC_C_LANGUAGE_STANDARD = gnu17;
				GCC_DYNAMIC_NO_PIC = NO;
				GCC_NO_COMMON_BLOCKS = YES;
				GCC_OPTIMIZATION_LEVEL = 0;
				GCC_PREPROCESSOR_DEFINITIONS = (
					"DEBUG=1",
					"$(inherited)",
				);
				GCC_WARN_64_TO_32_BIT_CONVERSION = YES;
				GCC_WARN_ABOUT_RETURN_TYPE = YES_ERROR;
				GCC_WARN_UNDECLARED_SELECTOR = YES;
				GCC_WARN_UNINITIALIZED_AUTOS = YES_AGGRESSIVE;
				GCC_WARN_UNUSED_FUNCTION = YES;
				GCC_WARN_UNUSED_VARIABLE = YES;
				IPHONEOS_DEPLOYMENT_TARGET = 17.5;
				LOCALIZATION_PREFERS_STRING_CATALOGS = YES;
				MTL_ENABLE_DEBUG_INFO = INCLUDE_SOURCE;
				MTL_FAST_MATH = YES;
				ONLY_ACTIVE_ARCH = YES;
				SDKROOT = iphoneos;
				SWIFT_ACTIVE_COMPILATION_CONDITIONS = "DEBUG $(inherited)";
				SWIFT_OPTIMIZATION_LEVEL = "-Onone";
			};
			name = Debug;
		};
		07370E452C5978820003243F /* Release */ = {
			isa = XCBuildConfiguration;
			buildSettings = {
				ALWAYS_SEARCH_USER_PATHS = NO;
				ASSETCATALOG_COMPILER_GENERATE_SWIFT_ASSET_SYMBOL_EXTENSIONS = YES;
				CLANG_ANALYZER_NONNULL = YES;
				CLANG_ANALYZER_NUMBER_OBJECT_CONVERSION = YES_AGGRESSIVE;
				CLANG_CXX_LANGUAGE_STANDARD = "gnu++20";
				CLANG_ENABLE_MODULES = YES;
				CLANG_ENABLE_OBJC_ARC = YES;
				CLANG_ENABLE_OBJC_WEAK = YES;
				CLANG_WARN_BLOCK_CAPTURE_AUTORELEASING = YES;
				CLANG_WARN_BOOL_CONVERSION = YES;
				CLANG_WARN_COMMA = YES;
				CLANG_WARN_CONSTANT_CONVERSION = YES;
				CLANG_WARN_DEPRECATED_OBJC_IMPLEMENTATIONS = YES;
				CLANG_WARN_DIRECT_OBJC_ISA_USAGE = YES_ERROR;
				CLANG_WARN_DOCUMENTATION_COMMENTS = YES;
				CLANG_WARN_EMPTY_BODY = YES;
				CLANG_WARN_ENUM_CONVERSION = YES;
				CLANG_WARN_INFINITE_RECURSION = YES;
				CLANG_WARN_INT_CONVERSION = YES;
				CLANG_WARN_NON_LITERAL_NULL_CONVERSION = YES;
				CLANG_WARN_OBJC_IMPLICIT_RETAIN_SELF = YES;
				CLANG_WARN_OBJC_LITERAL_CONVERSION = YES;
				CLANG_WARN_OBJC_ROOT_CLASS = YES_ERROR;
				CLANG_WARN_QUOTED_INCLUDE_IN_FRAMEWORK_HEADER = YES;
				CLANG_WARN_RANGE_LOOP_ANALYSIS = YES;
				CLANG_WARN_STRICT_PROTOTYPES = YES;
				CLANG_WARN_SUSPICIOUS_MOVE = YES;
				CLANG_WARN_UNGUARDED_AVAILABILITY = YES_AGGRESSIVE;
				CLANG_WARN_UNREACHABLE_CODE = YES;
				CLANG_WARN__DUPLICATE_METHOD_MATCH = YES;
				COPY_PHASE_STRIP = NO;
				DEBUG_INFORMATION_FORMAT = "dwarf-with-dsym";
				ENABLE_NS_ASSERTIONS = NO;
				ENABLE_STRICT_OBJC_MSGSEND = YES;
				ENABLE_USER_SCRIPT_SANDBOXING = YES;
				GCC_C_LANGUAGE_STANDARD = gnu17;
				GCC_NO_COMMON_BLOCKS = YES;
				GCC_WARN_64_TO_32_BIT_CONVERSION = YES;
				GCC_WARN_ABOUT_RETURN_TYPE = YES_ERROR;
				GCC_WARN_UNDECLARED_SELECTOR = YES;
				GCC_WARN_UNINITIALIZED_AUTOS = YES_AGGRESSIVE;
				GCC_WARN_UNUSED_FUNCTION = YES;
				GCC_WARN_UNUSED_VARIABLE = YES;
				IPHONEOS_DEPLOYMENT_TARGET = 17.5;
				LOCALIZATION_PREFERS_STRING_CATALOGS = YES;
				MTL_ENABLE_DEBUG_INFO = NO;
				MTL_FAST_MATH = YES;
				SDKROOT = iphoneos;
				SWIFT_COMPILATION_MODE = wholemodule;
				VALIDATE_PRODUCT = YES;
			};
			name = Release;
		};
		07370E472C5978820003243F /* Debug */ = {
			isa = XCBuildConfiguration;
			buildSettings = {
				ASSETCATALOG_COMPILER_APPICON_NAME = AppIcon;
				ASSETCATALOG_COMPILER_GLOBAL_ACCENT_COLOR_NAME = AccentColor;
				CODE_SIGN_STYLE = Automatic;
				CURRENT_PROJECT_VERSION = 1;
				DEVELOPMENT_ASSET_PATHS = "\"fetchMealApp/Preview Content\"";
				DEVELOPMENT_TEAM = R4UZ2G5NDA;
				ENABLE_PREVIEWS = YES;
				GENERATE_INFOPLIST_FILE = YES;
				INFOPLIST_KEY_UIApplicationSceneManifest_Generation = YES;
				INFOPLIST_KEY_UIApplicationSupportsIndirectInputEvents = YES;
				INFOPLIST_KEY_UILaunchScreen_Generation = YES;
				INFOPLIST_KEY_UISupportedInterfaceOrientations_iPad = "UIInterfaceOrientationPortrait UIInterfaceOrientationPortraitUpsideDown UIInterfaceOrientationLandscapeLeft UIInterfaceOrientationLandscapeRight";
				INFOPLIST_KEY_UISupportedInterfaceOrientations_iPhone = "UIInterfaceOrientationPortrait UIInterfaceOrientationLandscapeLeft UIInterfaceOrientationLandscapeRight";
				LD_RUNPATH_SEARCH_PATHS = (
					"$(inherited)",
					"@executable_path/Frameworks",
				);
				MARKETING_VERSION = 1.0;
				PRODUCT_BUNDLE_IDENTIFIER = carlos.fetchMealApp;
				PRODUCT_NAME = "$(TARGET_NAME)";
				SWIFT_EMIT_LOC_STRINGS = YES;
				SWIFT_VERSION = 5.0;
				TARGETED_DEVICE_FAMILY = "1,2";
			};
			name = Debug;
		};
		07370E482C5978820003243F /* Release */ = {
			isa = XCBuildConfiguration;
			buildSettings = {
				ASSETCATALOG_COMPILER_APPICON_NAME = AppIcon;
				ASSETCATALOG_COMPILER_GLOBAL_ACCENT_COLOR_NAME = AccentColor;
				CODE_SIGN_STYLE = Automatic;
				CURRENT_PROJECT_VERSION = 1;
				DEVELOPMENT_ASSET_PATHS = "\"fetchMealApp/Preview Content\"";
				DEVELOPMENT_TEAM = R4UZ2G5NDA;
				ENABLE_PREVIEWS = YES;
				GENERATE_INFOPLIST_FILE = YES;
				INFOPLIST_KEY_UIApplicationSceneManifest_Generation = YES;
				INFOPLIST_KEY_UIApplicationSupportsIndirectInputEvents = YES;
				INFOPLIST_KEY_UILaunchScreen_Generation = YES;
				INFOPLIST_KEY_UISupportedInterfaceOrientations_iPad = "UIInterfaceOrientationPortrait UIInterfaceOrientationPortraitUpsideDown UIInterfaceOrientationLandscapeLeft UIInterfaceOrientationLandscapeRight";
				INFOPLIST_KEY_UISupportedInterfaceOrientations_iPhone = "UIInterfaceOrientationPortrait UIInterfaceOrientationLandscapeLeft UIInterfaceOrientationLandscapeRight";
				LD_RUNPATH_SEARCH_PATHS = (
					"$(inherited)",
					"@executable_path/Frameworks",
				);
				MARKETING_VERSION = 1.0;
				PRODUCT_BUNDLE_IDENTIFIER = carlos.fetchMealApp;
				PRODUCT_NAME = "$(TARGET_NAME)";
				SWIFT_EMIT_LOC_STRINGS = YES;
				SWIFT_VERSION = 5.0;
				TARGETED_DEVICE_FAMILY = "1,2";
			};
			name = Release;
		};
/* End XCBuildConfiguration section */

/* Begin XCConfigurationList section */
		07370E332C59787F0003243F /* Build configuration list for PBXProject "fetchMealApp" */ = {
			isa = XCConfigurationList;
			buildConfigurations = (
				07370E442C5978820003243F /* Debug */,
				07370E452C5978820003243F /* Release */,
			);
			defaultConfigurationIsVisible = 0;
			defaultConfigurationName = Release;
		};
		07370E462C5978820003243F /* Build configuration list for PBXNativeTarget "fetchMealApp" */ = {
			isa = XCConfigurationList;
			buildConfigurations = (
				07370E472C5978820003243F /* Debug */,
				07370E482C5978820003243F /* Release */,
			);
			defaultConfigurationIsVisible = 0;
			defaultConfigurationName = Release;
		};
/* End XCConfigurationList section */
	};
	rootObject = 07370E302C59787F0003243F /* Project object */;
}
